
Microsoft Visual Studio Solution File, Format Version 12.00
# Visual Studio Version 17
VisualStudioVersion = 17.1.32328.378
MinimumVisualStudioVersion = 10.0.40219.1
Project("{FAE04EC0-301F-11D3-BF4B-00C04F79EFBC}") = "EternityApp.Android", "EternityApp\EternityApp.Android\EternityApp.Android.csproj", "{27C3D8D7-67BC-4B5B-B164-FBA602A47684}"
EndProject
Project("{FAE04EC0-301F-11D3-BF4B-00C04F79EFBC}") = "EternityApp", "EternityApp\EternityApp\EternityApp.csproj", "{7D11177F-9883-400E-A6D4-BFEB0B4108B7}"
EndProject
Global
	GlobalSection(SolutionConfigurationPlatforms) = preSolution
		Debug|Any CPU = Debug|Any CPU
		Release|Any CPU = Release|Any CPU
	EndGlobalSection
	GlobalSection(ProjectConfigurationPlatforms) = postSolution
		{27C3D8D7-67BC-4B5B-B164-FBA602A47684}.Debug|Any CPU.ActiveCfg = Debug|Any CPU
		{27C3D8D7-67BC-4B5B-B164-FBA602A47684}.Debug|Any CPU.Build.0 = Debug|Any CPU
		{27C3D8D7-67BC-4B5B-B164-FBA602A47684}.Debug|Any CPU.Deploy.0 = Debug|Any CPU
		{27C3D8D7-67BC-4B5B-B164-FBA602A47684}.Release|Any CPU.ActiveCfg = Release|Any CPU
		{27C3D8D7-67BC-4B5B-B164-FBA602A47684}.Release|Any CPU.Build.0 = Release|Any CPU
		{27C3D8D7-67BC-4B5B-B164-FBA602A47684}.Release|Any CPU.Deploy.0 = Release|Any CPU
		{7D11177F-9883-400E-A6D4-BFEB0B4108B7}.Debug|Any CPU.ActiveCfg = Debug|Any CPU
		{7D11177F-9883-400E-A6D4-BFEB0B4108B7}.Debug|Any CPU.Build.0 = Debug|Any CPU
		{7D11177F-9883-400E-A6D4-BFEB0B4108B7}.Debug|Any CPU.Deploy.0 = Debug|Any CPU
		{7D11177F-9883-400E-A6D4-BFEB0B4108B7}.Release|Any CPU.ActiveCfg = Release|Any CPU
		{7D11177F-9883-400E-A6D4-BFEB0B4108B7}.Release|Any CPU.Build.0 = Release|Any CPU
		{7D11177F-9883-400E-A6D4-BFEB0B4108B7}.Release|Any CPU.Deploy.0 = Release|Any CPU
	EndGlobalSection
	GlobalSection(SolutionProperties) = preSolution
		HideSolutionNode = FALSE
	EndGlobalSection
	GlobalSection(ExtensibilityGlobals) = postSolution
		SolutionGuid = {8752EEFB-E9BC-484F-BBEB-5614575DC034}
	EndGlobalSection
EndGlobal
